
Microsoft Visual Studio Solution File, Format Version 12.00
# Visual Studio 2012
Project("{2150E333-8FDC-42A3-9474-1A3956D46DE8}") = "Solution Items", "Solution Items", "{9739BE65-04E8-4E10-BB5B-93A3EC0D3747}"
	ProjectSection(SolutionItems) = preProject
		HelloIndigo.vsmdi = HelloIndigo.vsmdi
		Local.testsettings = Local.testsettings
		TraceAndTestImpact.testsettings = TraceAndTestImpact.testsettings
	EndProjectSection
EndProject
Project("{FAE04EC0-301F-11D3-BF4B-00C04F79EFBC}") = "ConsoleHost", "ServiceHost.cs\ConsoleHost.csproj", "{1C82A5CF-7578-4E1A-97B6-A59C2D0012A6}"
EndProject
Project("{FAE04EC0-301F-11D3-BF4B-00C04F79EFBC}") = "Client", "Client\Client.csproj", "{0BF613AC-D9DA-440D-86F7-9B56F1F6F9BE}"
	ProjectSection(ProjectDependencies) = postProject
		{1AA4180A-6250-480E-8148-705461F6F974} = {1AA4180A-6250-480E-8148-705461F6F974}
	EndProjectSection
EndProject
Project("{CC5FD16D-436D-48AD-A40C-5A424C6E3E79}") = "HelloAzure", "HelloAzure\HelloAzure.ccproj", "{00702E85-85D5-49CF-98EE-015550B0D0E2}"
EndProject
Project("{FAE04EC0-301F-11D3-BF4B-00C04F79EFBC}") = "HelloIndigoService", "HelloIndigoService\HelloIndigoService.csproj", "{1AA4180A-6250-480E-8148-705461F6F974}"
EndProject
Project("{FAE04EC0-301F-11D3-BF4B-00C04F79EFBC}") = "TableStorageContext", "TableStorageContext\TableStorageContext.csproj", "{F2BA1F03-EA6D-4BB6-A368-3DE64BF2CFBD}"
EndProject
Project("{FAE04EC0-301F-11D3-BF4B-00C04F79EFBC}") = "Library.Model.TableStorage", "LibraryModel\Library.Model.TableStorage.csproj", "{072FDF3F-9291-466B-BEEC-8F17C1E5FF13}"
EndProject
Project("{FAE04EC0-301F-11D3-BF4B-00C04F79EFBC}") = "TableStorageSet", "TableStorageSet\TableStorageSet.csproj", "{18D2585D-CF01-4604-ACF5-214BA78A211F}"
EndProject
Project("{FAE04EC0-301F-11D3-BF4B-00C04F79EFBC}") = "DataView", "..\Framework\DataView\DataView.csproj", "{3F677D8C-488A-4DDB-89F2-BF1A1ACFB19E}"
EndProject
Project("{FAE04EC0-301F-11D3-BF4B-00C04F79EFBC}") = "ScheduledJobBase", "..\Framework\ScheduledJobsBase\ScheduledJobBase.csproj", "{06950D4D-4DD7-48F2-9439-76D7ABA032D8}"
EndProject
Project("{FAE04EC0-301F-11D3-BF4B-00C04F79EFBC}") = "UnitTests", "DataStoreTests.cs\UnitTests.csproj", "{E5D07DFA-0252-4A85-9A28-753189C4C06F}"
EndProject
Project("{FAE04EC0-301F-11D3-BF4B-00C04F79EFBC}") = "DataStore", "..\Framework\DataStore\DataStore.csproj", "{DDD1D805-D47E-4C26-AC60-4EFAF74AEA4C}"
EndProject
Project("{FAE04EC0-301F-11D3-BF4B-00C04F79EFBC}") = "Utility", "..\Framework\Utility\Utility.csproj", "{545070DE-50F6-4710-AA5F-8365A9B76FDC}"
EndProject
Project("{FAE04EC0-301F-11D3-BF4B-00C04F79EFBC}") = "EmailClient", "..\Framework\EmailClient\EmailClient.csproj", "{2A9D3D1D-466F-4003-9085-51B809238D65}"
EndProject
Project("{2150E333-8FDC-42A3-9474-1A3956D46DE8}") = "GlobalConfiguration", "GlobalConfiguration", "{A20E35BA-43D6-41D9-97DE-3E69424DBBE7}"
	ProjectSection(SolutionItems) = preProject
		wcf.bindings.cfg = wcf.bindings.cfg
	EndProjectSection
EndProject
Project("{FAE04EC0-301F-11D3-BF4B-00C04F79EFBC}") = "LibraryCheckout.WebAppMVC", "LibraryCheckout.WebAppMVC\LibraryCheckout.WebAppMVC.csproj", "{D39B443F-A6D1-4FEA-8A0C-83430A668FC7}"
	ProjectSection(ProjectDependencies) = postProject
		{1AA4180A-6250-480E-8148-705461F6F974} = {1AA4180A-6250-480E-8148-705461F6F974}
	EndProjectSection
EndProject
Project("{00D1A9C2-B5F0-4AF3-8072-F6C62B433612}") = "Library.Database", "Library.Database\Library.Database.sqlproj", "{831B68C9-8026-41C7-9C56-BCB7DD0F75A6}"
EndProject
Project("{FAE04EC0-301F-11D3-BF4B-00C04F79EFBC}") = "Library.Model", "Library.Model\Library.Model.csproj", "{6C568049-7BAB-4E0C-B729-861ACBD4296E}"
EndProject
Global
	GlobalSection(TestCaseManagementSettings) = postSolution
		CategoryFile = HelloIndigo.vsmdi
	EndGlobalSection
	GlobalSection(SolutionConfigurationPlatforms) = preSolution
		Debug|Any CPU = Debug|Any CPU
		Debug|Mixed Platforms = Debug|Mixed Platforms
		Debug|x64 = Debug|x64
		Debug|x86 = Debug|x86
		Release|Any CPU = Release|Any CPU
		Release|Mixed Platforms = Release|Mixed Platforms
		Release|x64 = Release|x64
		Release|x86 = Release|x86
	EndGlobalSection
	GlobalSection(ProjectConfigurationPlatforms) = postSolution
		{1C82A5CF-7578-4E1A-97B6-A59C2D0012A6}.Debug|Any CPU.ActiveCfg = Debug|x86
		{1C82A5CF-7578-4E1A-97B6-A59C2D0012A6}.Debug|Any CPU.Build.0 = Debug|x86
		{1C82A5CF-7578-4E1A-97B6-A59C2D0012A6}.Debug|Mixed Platforms.ActiveCfg = Debug|x86
		{1C82A5CF-7578-4E1A-97B6-A59C2D0012A6}.Debug|Mixed Platforms.Build.0 = Debug|x86
		{1C82A5CF-7578-4E1A-97B6-A59C2D0012A6}.Debug|x64.ActiveCfg = Debug|x86
		{1C82A5CF-7578-4E1A-97B6-A59C2D0012A6}.Debug|x86.ActiveCfg = Debug|x86
		{1C82A5CF-7578-4E1A-97B6-A59C2D0012A6}.Debug|x86.Build.0 = Debug|x86
		{1C82A5CF-7578-4E1A-97B6-A59C2D0012A6}.Release|Any CPU.ActiveCfg = Release|x86
		{1C82A5CF-7578-4E1A-97B6-A59C2D0012A6}.Release|Mixed Platforms.ActiveCfg = Release|x86
		{1C82A5CF-7578-4E1A-97B6-A59C2D0012A6}.Release|Mixed Platforms.Build.0 = Release|x86
		{1C82A5CF-7578-4E1A-97B6-A59C2D0012A6}.Release|x64.ActiveCfg = Release|x86
		{1C82A5CF-7578-4E1A-97B6-A59C2D0012A6}.Release|x86.ActiveCfg = Release|x86
		{1C82A5CF-7578-4E1A-97B6-A59C2D0012A6}.Release|x86.Build.0 = Release|x86
		{0BF613AC-D9DA-440D-86F7-9B56F1F6F9BE}.Debug|Any CPU.ActiveCfg = Debug|x86
		{0BF613AC-D9DA-440D-86F7-9B56F1F6F9BE}.Debug|Any CPU.Build.0 = Debug|x86
		{0BF613AC-D9DA-440D-86F7-9B56F1F6F9BE}.Debug|Mixed Platforms.ActiveCfg = Debug|x86
		{0BF613AC-D9DA-440D-86F7-9B56F1F6F9BE}.Debug|Mixed Platforms.Build.0 = Debug|x86
		{0BF613AC-D9DA-440D-86F7-9B56F1F6F9BE}.Debug|x64.ActiveCfg = Debug|x86
		{0BF613AC-D9DA-440D-86F7-9B56F1F6F9BE}.Debug|x86.ActiveCfg = Debug|x86
		{0BF613AC-D9DA-440D-86F7-9B56F1F6F9BE}.Debug|x86.Build.0 = Debug|x86
		{0BF613AC-D9DA-440D-86F7-9B56F1F6F9BE}.Release|Any CPU.ActiveCfg = Release|x86
		{0BF613AC-D9DA-440D-86F7-9B56F1F6F9BE}.Release|Any CPU.Build.0 = Release|x86
		{0BF613AC-D9DA-440D-86F7-9B56F1F6F9BE}.Release|Mixed Platforms.ActiveCfg = Release|x86
		{0BF613AC-D9DA-440D-86F7-9B56F1F6F9BE}.Release|Mixed Platforms.Build.0 = Release|x86
		{0BF613AC-D9DA-440D-86F7-9B56F1F6F9BE}.Release|x64.ActiveCfg = Release|x86
		{0BF613AC-D9DA-440D-86F7-9B56F1F6F9BE}.Release|x86.ActiveCfg = Release|x86
		{0BF613AC-D9DA-440D-86F7-9B56F1F6F9BE}.Release|x86.Build.0 = Release|x86
		{00702E85-85D5-49CF-98EE-015550B0D0E2}.Debug|Any CPU.ActiveCfg = Debug|Any CPU
		{00702E85-85D5-49CF-98EE-015550B0D0E2}.Debug|Any CPU.Build.0 = Debug|Any CPU
		{00702E85-85D5-49CF-98EE-015550B0D0E2}.Debug|Mixed Platforms.ActiveCfg = Debug|Any CPU
		{00702E85-85D5-49CF-98EE-015550B0D0E2}.Debug|Mixed Platforms.Build.0 = Debug|Any CPU
		{00702E85-85D5-49CF-98EE-015550B0D0E2}.Debug|x64.ActiveCfg = Debug|Any CPU
		{00702E85-85D5-49CF-98EE-015550B0D0E2}.Debug|x86.ActiveCfg = Debug|Any CPU
		{00702E85-85D5-49CF-98EE-015550B0D0E2}.Release|Any CPU.ActiveCfg = Release|Any CPU
		{00702E85-85D5-49CF-98EE-015550B0D0E2}.Release|Any CPU.Build.0 = Release|Any CPU
		{00702E85-85D5-49CF-98EE-015550B0D0E2}.Release|Mixed Platforms.ActiveCfg = Release|Any CPU
		{00702E85-85D5-49CF-98EE-015550B0D0E2}.Release|Mixed Platforms.Build.0 = Release|Any CPU
		{00702E85-85D5-49CF-98EE-015550B0D0E2}.Release|x64.ActiveCfg = Release|Any CPU
		{00702E85-85D5-49CF-98EE-015550B0D0E2}.Release|x86.ActiveCfg = Release|Any CPU
		{1AA4180A-6250-480E-8148-705461F6F974}.Debug|Any CPU.ActiveCfg = Debug|Any CPU
		{1AA4180A-6250-480E-8148-705461F6F974}.Debug|Any CPU.Build.0 = Debug|Any CPU
		{1AA4180A-6250-480E-8148-705461F6F974}.Debug|Mixed Platforms.ActiveCfg = Debug|Any CPU
		{1AA4180A-6250-480E-8148-705461F6F974}.Debug|Mixed Platforms.Build.0 = Debug|Any CPU
		{1AA4180A-6250-480E-8148-705461F6F974}.Debug|x64.ActiveCfg = Debug|Any CPU
		{1AA4180A-6250-480E-8148-705461F6F974}.Debug|x86.ActiveCfg = Debug|Any CPU
		{1AA4180A-6250-480E-8148-705461F6F974}.Release|Any CPU.ActiveCfg = Release|Any CPU
		{1AA4180A-6250-480E-8148-705461F6F974}.Release|Any CPU.Build.0 = Release|Any CPU
		{1AA4180A-6250-480E-8148-705461F6F974}.Release|Mixed Platforms.ActiveCfg = Release|Any CPU
		{1AA4180A-6250-480E-8148-705461F6F974}.Release|Mixed Platforms.Build.0 = Release|Any CPU
		{1AA4180A-6250-480E-8148-705461F6F974}.Release|x64.ActiveCfg = Release|Any CPU
		{1AA4180A-6250-480E-8148-705461F6F974}.Release|x86.ActiveCfg = Release|Any CPU
		{F2BA1F03-EA6D-4BB6-A368-3DE64BF2CFBD}.Debug|Any CPU.ActiveCfg = Debug|Any CPU
		{F2BA1F03-EA6D-4BB6-A368-3DE64BF2CFBD}.Debug|Any CPU.Build.0 = Debug|Any CPU
		{F2BA1F03-EA6D-4BB6-A368-3DE64BF2CFBD}.Debug|Mixed Platforms.ActiveCfg = Debug|Any CPU
		{F2BA1F03-EA6D-4BB6-A368-3DE64BF2CFBD}.Debug|Mixed Platforms.Build.0 = Debug|Any CPU
		{F2BA1F03-EA6D-4BB6-A368-3DE64BF2CFBD}.Debug|x64.ActiveCfg = Debug|x86
		{F2BA1F03-EA6D-4BB6-A368-3DE64BF2CFBD}.Debug|x86.ActiveCfg = Debug|x86
		{F2BA1F03-EA6D-4BB6-A368-3DE64BF2CFBD}.Debug|x86.Build.0 = Debug|x86
		{F2BA1F03-EA6D-4BB6-A368-3DE64BF2CFBD}.Release|Any CPU.ActiveCfg = Release|Any CPU
		{F2BA1F03-EA6D-4BB6-A368-3DE64BF2CFBD}.Release|Mixed Platforms.ActiveCfg = Release|Any CPU
		{F2BA1F03-EA6D-4BB6-A368-3DE64BF2CFBD}.Release|Mixed Platforms.Build.0 = Release|Any CPU
		{F2BA1F03-EA6D-4BB6-A368-3DE64BF2CFBD}.Release|x64.ActiveCfg = Release|x64
		{F2BA1F03-EA6D-4BB6-A368-3DE64BF2CFBD}.Release|x64.Build.0 = Release|x64
		{F2BA1F03-EA6D-4BB6-A368-3DE64BF2CFBD}.Release|x86.ActiveCfg = Release|x86
		{F2BA1F03-EA6D-4BB6-A368-3DE64BF2CFBD}.Release|x86.Build.0 = Release|x86
		{072FDF3F-9291-466B-BEEC-8F17C1E5FF13}.Debug|Any CPU.ActiveCfg = Debug|Any CPU
		{072FDF3F-9291-466B-BEEC-8F17C1E5FF13}.Debug|Any CPU.Build.0 = Debug|Any CPU
		{072FDF3F-9291-466B-BEEC-8F17C1E5FF13}.Debug|Mixed Platforms.ActiveCfg = Debug|Any CPU
		{072FDF3F-9291-466B-BEEC-8F17C1E5FF13}.Debug|Mixed Platforms.Build.0 = Debug|Any CPU
		{072FDF3F-9291-466B-BEEC-8F17C1E5FF13}.Debug|x64.ActiveCfg = Debug|Any CPU
		{072FDF3F-9291-466B-BEEC-8F17C1E5FF13}.Debug|x86.ActiveCfg = Debug|Any CPU
		{072FDF3F-9291-466B-BEEC-8F17C1E5FF13}.Release|Any CPU.ActiveCfg = Release|Any CPU
		{072FDF3F-9291-466B-BEEC-8F17C1E5FF13}.Release|Any CPU.Build.0 = Release|Any CPU
		{072FDF3F-9291-466B-BEEC-8F17C1E5FF13}.Release|Mixed Platforms.ActiveCfg = Release|Any CPU
		{072FDF3F-9291-466B-BEEC-8F17C1E5FF13}.Release|Mixed Platforms.Build.0 = Release|Any CPU
		{072FDF3F-9291-466B-BEEC-8F17C1E5FF13}.Release|x64.ActiveCfg = Release|Any CPU
		{072FDF3F-9291-466B-BEEC-8F17C1E5FF13}.Release|x86.ActiveCfg = Release|Any CPU
		{18D2585D-CF01-4604-ACF5-214BA78A211F}.Debug|Any CPU.ActiveCfg = Debug|Any CPU
		{18D2585D-CF01-4604-ACF5-214BA78A211F}.Debug|Any CPU.Build.0 = Debug|Any CPU
		{18D2585D-CF01-4604-ACF5-214BA78A211F}.Debug|Mixed Platforms.ActiveCfg = Debug|Any CPU
		{18D2585D-CF01-4604-ACF5-214BA78A211F}.Debug|Mixed Platforms.Build.0 = Debug|Any CPU
		{18D2585D-CF01-4604-ACF5-214BA78A211F}.Debug|x64.ActiveCfg = Debug|Any CPU
		{18D2585D-CF01-4604-ACF5-214BA78A211F}.Debug|x86.ActiveCfg = Debug|Any CPU
		{18D2585D-CF01-4604-ACF5-214BA78A211F}.Release|Any CPU.ActiveCfg = Release|Any CPU
		{18D2585D-CF01-4604-ACF5-214BA78A211F}.Release|Any CPU.Build.0 = Release|Any CPU
		{18D2585D-CF01-4604-ACF5-214BA78A211F}.Release|Mixed Platforms.ActiveCfg = Release|Any CPU
		{18D2585D-CF01-4604-ACF5-214BA78A211F}.Release|Mixed Platforms.Build.0 = Release|Any CPU
		{18D2585D-CF01-4604-ACF5-214BA78A211F}.Release|x64.ActiveCfg = Release|Any CPU
		{18D2585D-CF01-4604-ACF5-214BA78A211F}.Release|x86.ActiveCfg = Release|Any CPU
		{3F677D8C-488A-4DDB-89F2-BF1A1ACFB19E}.Debug|Any CPU.ActiveCfg = Debug|Any CPU
		{3F677D8C-488A-4DDB-89F2-BF1A1ACFB19E}.Debug|Any CPU.Build.0 = Debug|Any CPU
		{3F677D8C-488A-4DDB-89F2-BF1A1ACFB19E}.Debug|Mixed Platforms.ActiveCfg = Debug|Any CPU
		{3F677D8C-488A-4DDB-89F2-BF1A1ACFB19E}.Debug|Mixed Platforms.Build.0 = Debug|Any CPU
		{3F677D8C-488A-4DDB-89F2-BF1A1ACFB19E}.Debug|x64.ActiveCfg = Debug|Any CPU
		{3F677D8C-488A-4DDB-89F2-BF1A1ACFB19E}.Debug|x86.ActiveCfg = Debug|Any CPU
		{3F677D8C-488A-4DDB-89F2-BF1A1ACFB19E}.Release|Any CPU.ActiveCfg = Release|Any CPU
		{3F677D8C-488A-4DDB-89F2-BF1A1ACFB19E}.Release|Any CPU.Build.0 = Release|Any CPU
		{3F677D8C-488A-4DDB-89F2-BF1A1ACFB19E}.Release|Mixed Platforms.ActiveCfg = Release|Any CPU
		{3F677D8C-488A-4DDB-89F2-BF1A1ACFB19E}.Release|Mixed Platforms.Build.0 = Release|Any CPU
		{3F677D8C-488A-4DDB-89F2-BF1A1ACFB19E}.Release|x64.ActiveCfg = Release|Any CPU
		{3F677D8C-488A-4DDB-89F2-BF1A1ACFB19E}.Release|x86.ActiveCfg = Release|Any CPU
		{06950D4D-4DD7-48F2-9439-76D7ABA032D8}.Debug|Any CPU.ActiveCfg = Debug|Any CPU
		{06950D4D-4DD7-48F2-9439-76D7ABA032D8}.Debug|Any CPU.Build.0 = Debug|Any CPU
		{06950D4D-4DD7-48F2-9439-76D7ABA032D8}.Debug|Mixed Platforms.ActiveCfg = Debug|x64
		{06950D4D-4DD7-48F2-9439-76D7ABA032D8}.Debug|Mixed Platforms.Build.0 = Debug|x64
		{06950D4D-4DD7-48F2-9439-76D7ABA032D8}.Debug|x64.ActiveCfg = Debug|x64
		{06950D4D-4DD7-48F2-9439-76D7ABA032D8}.Debug|x64.Build.0 = Debug|x64
		{06950D4D-4DD7-48F2-9439-76D7ABA032D8}.Debug|x86.ActiveCfg = Debug|x64
		{06950D4D-4DD7-48F2-9439-76D7ABA032D8}.Release|Any CPU.ActiveCfg = Release|Any CPU
		{06950D4D-4DD7-48F2-9439-76D7ABA032D8}.Release|Any CPU.Build.0 = Release|Any CPU
		{06950D4D-4DD7-48F2-9439-76D7ABA032D8}.Release|Mixed Platforms.ActiveCfg = Release|x64
		{06950D4D-4DD7-48F2-9439-76D7ABA032D8}.Release|Mixed Platforms.Build.0 = Release|x64
		{06950D4D-4DD7-48F2-9439-76D7ABA032D8}.Release|x64.ActiveCfg = Release|x64
		{06950D4D-4DD7-48F2-9439-76D7ABA032D8}.Release|x64.Build.0 = Release|x64
		{06950D4D-4DD7-48F2-9439-76D7ABA032D8}.Release|x86.ActiveCfg = Release|x64
		{E5D07DFA-0252-4A85-9A28-753189C4C06F}.Debug|Any CPU.ActiveCfg = Debug|Any CPU
		{E5D07DFA-0252-4A85-9A28-753189C4C06F}.Debug|Any CPU.Build.0 = Debug|Any CPU
		{E5D07DFA-0252-4A85-9A28-753189C4C06F}.Debug|Mixed Platforms.ActiveCfg = Debug|Any CPU
		{E5D07DFA-0252-4A85-9A28-753189C4C06F}.Debug|Mixed Platforms.Build.0 = Debug|Any CPU
		{E5D07DFA-0252-4A85-9A28-753189C4C06F}.Debug|x64.ActiveCfg = Debug|Any CPU
		{E5D07DFA-0252-4A85-9A28-753189C4C06F}.Debug|x86.ActiveCfg = Debug|Any CPU
		{E5D07DFA-0252-4A85-9A28-753189C4C06F}.Release|Any CPU.ActiveCfg = Release|Any CPU
		{E5D07DFA-0252-4A85-9A28-753189C4C06F}.Release|Any CPU.Build.0 = Release|Any CPU
		{E5D07DFA-0252-4A85-9A28-753189C4C06F}.Release|Mixed Platforms.ActiveCfg = Release|Any CPU
		{E5D07DFA-0252-4A85-9A28-753189C4C06F}.Release|Mixed Platforms.Build.0 = Release|Any CPU
		{E5D07DFA-0252-4A85-9A28-753189C4C06F}.Release|x64.ActiveCfg = Release|Any CPU
		{E5D07DFA-0252-4A85-9A28-753189C4C06F}.Release|x86.ActiveCfg = Release|Any CPU
		{DDD1D805-D47E-4C26-AC60-4EFAF74AEA4C}.Debug|Any CPU.ActiveCfg = Debug|Any CPU
		{DDD1D805-D47E-4C26-AC60-4EFAF74AEA4C}.Debug|Any CPU.Build.0 = Debug|Any CPU
		{DDD1D805-D47E-4C26-AC60-4EFAF74AEA4C}.Debug|Mixed Platforms.ActiveCfg = Debug|Any CPU
		{DDD1D805-D47E-4C26-AC60-4EFAF74AEA4C}.Debug|Mixed Platforms.Build.0 = Debug|Any CPU
		{DDD1D805-D47E-4C26-AC60-4EFAF74AEA4C}.Debug|x64.ActiveCfg = Debug|Any CPU
		{DDD1D805-D47E-4C26-AC60-4EFAF74AEA4C}.Debug|x86.ActiveCfg = Debug|Any CPU
		{DDD1D805-D47E-4C26-AC60-4EFAF74AEA4C}.Release|Any CPU.ActiveCfg = Release|Any CPU
		{DDD1D805-D47E-4C26-AC60-4EFAF74AEA4C}.Release|Any CPU.Build.0 = Release|Any CPU
		{DDD1D805-D47E-4C26-AC60-4EFAF74AEA4C}.Release|Mixed Platforms.ActiveCfg = Release|Any CPU
		{DDD1D805-D47E-4C26-AC60-4EFAF74AEA4C}.Release|Mixed Platforms.Build.0 = Release|Any CPU
		{DDD1D805-D47E-4C26-AC60-4EFAF74AEA4C}.Release|x64.ActiveCfg = Release|Any CPU
		{DDD1D805-D47E-4C26-AC60-4EFAF74AEA4C}.Release|x86.ActiveCfg = Release|Any CPU
		{545070DE-50F6-4710-AA5F-8365A9B76FDC}.Debug|Any CPU.ActiveCfg = Debug|Any CPU
		{545070DE-50F6-4710-AA5F-8365A9B76FDC}.Debug|Any CPU.Build.0 = Debug|Any CPU
		{545070DE-50F6-4710-AA5F-8365A9B76FDC}.Debug|Mixed Platforms.ActiveCfg = Debug|Any CPU
		{545070DE-50F6-4710-AA5F-8365A9B76FDC}.Debug|Mixed Platforms.Build.0 = Debug|Any CPU
		{545070DE-50F6-4710-AA5F-8365A9B76FDC}.Debug|x64.ActiveCfg = Debug|Any CPU
		{545070DE-50F6-4710-AA5F-8365A9B76FDC}.Debug|x86.ActiveCfg = Debug|Any CPU
		{545070DE-50F6-4710-AA5F-8365A9B76FDC}.Release|Any CPU.ActiveCfg = Release|Any CPU
		{545070DE-50F6-4710-AA5F-8365A9B76FDC}.Release|Any CPU.Build.0 = Release|Any CPU
		{545070DE-50F6-4710-AA5F-8365A9B76FDC}.Release|Mixed Platforms.ActiveCfg = Release|Any CPU
		{545070DE-50F6-4710-AA5F-8365A9B76FDC}.Release|Mixed Platforms.Build.0 = Release|Any CPU
		{545070DE-50F6-4710-AA5F-8365A9B76FDC}.Release|x64.ActiveCfg = Release|Any CPU
		{545070DE-50F6-4710-AA5F-8365A9B76FDC}.Release|x86.ActiveCfg = Release|Any CPU
		{2A9D3D1D-466F-4003-9085-51B809238D65}.Debug|Any CPU.ActiveCfg = Debug|Any CPU
		{2A9D3D1D-466F-4003-9085-51B809238D65}.Debug|Any CPU.Build.0 = Debug|Any CPU
		{2A9D3D1D-466F-4003-9085-51B809238D65}.Debug|Mixed Platforms.ActiveCfg = Debug|Any CPU
		{2A9D3D1D-466F-4003-9085-51B809238D65}.Debug|Mixed Platforms.Build.0 = Debug|Any CPU
		{2A9D3D1D-466F-4003-9085-51B809238D65}.Debug|x64.ActiveCfg = Debug|Any CPU
		{2A9D3D1D-466F-4003-9085-51B809238D65}.Debug|x86.ActiveCfg = Debug|Any CPU
		{2A9D3D1D-466F-4003-9085-51B809238D65}.Release|Any CPU.ActiveCfg = Release|Any CPU
		{2A9D3D1D-466F-4003-9085-51B809238D65}.Release|Any CPU.Build.0 = Release|Any CPU
		{2A9D3D1D-466F-4003-9085-51B809238D65}.Release|Mixed Platforms.ActiveCfg = Release|Any CPU
		{2A9D3D1D-466F-4003-9085-51B809238D65}.Release|Mixed Platforms.Build.0 = Release|Any CPU
		{2A9D3D1D-466F-4003-9085-51B809238D65}.Release|x64.ActiveCfg = Release|Any CPU
		{2A9D3D1D-466F-4003-9085-51B809238D65}.Release|x86.ActiveCfg = Release|Any CPU
		{D39B443F-A6D1-4FEA-8A0C-83430A668FC7}.Debug|Any CPU.ActiveCfg = Debug|Any CPU
		{D39B443F-A6D1-4FEA-8A0C-83430A668FC7}.Debug|Any CPU.Build.0 = Debug|Any CPU
		{D39B443F-A6D1-4FEA-8A0C-83430A668FC7}.Debug|Mixed Platforms.ActiveCfg = Debug|Any CPU
		{D39B443F-A6D1-4FEA-8A0C-83430A668FC7}.Debug|Mixed Platforms.Build.0 = Debug|Any CPU
		{D39B443F-A6D1-4FEA-8A0C-83430A668FC7}.Debug|x64.ActiveCfg = Debug|Any CPU
		{D39B443F-A6D1-4FEA-8A0C-83430A668FC7}.Debug|x86.ActiveCfg = Debug|Any CPU
		{D39B443F-A6D1-4FEA-8A0C-83430A668FC7}.Release|Any CPU.ActiveCfg = Release|Any CPU
		{D39B443F-A6D1-4FEA-8A0C-83430A668FC7}.Release|Any CPU.Build.0 = Release|Any CPU
		{D39B443F-A6D1-4FEA-8A0C-83430A668FC7}.Release|Mixed Platforms.ActiveCfg = Release|Any CPU
		{D39B443F-A6D1-4FEA-8A0C-83430A668FC7}.Release|Mixed Platforms.Build.0 = Release|Any CPU
		{D39B443F-A6D1-4FEA-8A0C-83430A668FC7}.Release|x64.ActiveCfg = Release|Any CPU
		{D39B443F-A6D1-4FEA-8A0C-83430A668FC7}.Release|x86.ActiveCfg = Release|Any CPU
		{831B68C9-8026-41C7-9C56-BCB7DD0F75A6}.Debug|Any CPU.ActiveCfg = Debug|Any CPU
		{831B68C9-8026-41C7-9C56-BCB7DD0F75A6}.Debug|Any CPU.Build.0 = Debug|Any CPU
		{831B68C9-8026-41C7-9C56-BCB7DD0F75A6}.Debug|Any CPU.Deploy.0 = Debug|Any CPU
		{831B68C9-8026-41C7-9C56-BCB7DD0F75A6}.Debug|Mixed Platforms.ActiveCfg = Debug|Any CPU
		{831B68C9-8026-41C7-9C56-BCB7DD0F75A6}.Debug|Mixed Platforms.Build.0 = Debug|Any CPU
		{831B68C9-8026-41C7-9C56-BCB7DD0F75A6}.Debug|Mixed Platforms.Deploy.0 = Debug|Any CPU
		{831B68C9-8026-41C7-9C56-BCB7DD0F75A6}.Debug|x64.ActiveCfg = Debug|Any CPU
		{831B68C9-8026-41C7-9C56-BCB7DD0F75A6}.Debug|x86.ActiveCfg = Debug|Any CPU
		{831B68C9-8026-41C7-9C56-BCB7DD0F75A6}.Release|Any CPU.ActiveCfg = Release|Any CPU
		{831B68C9-8026-41C7-9C56-BCB7DD0F75A6}.Release|Any CPU.Build.0 = Release|Any CPU
		{831B68C9-8026-41C7-9C56-BCB7DD0F75A6}.Release|Any CPU.Deploy.0 = Release|Any CPU
		{831B68C9-8026-41C7-9C56-BCB7DD0F75A6}.Release|Mixed Platforms.ActiveCfg = Release|Any CPU
		{831B68C9-8026-41C7-9C56-BCB7DD0F75A6}.Release|Mixed Platforms.Build.0 = Release|Any CPU
		{831B68C9-8026-41C7-9C56-BCB7DD0F75A6}.Release|Mixed Platforms.Deploy.0 = Release|Any CPU
		{831B68C9-8026-41C7-9C56-BCB7DD0F75A6}.Release|x64.ActiveCfg = Release|Any CPU
		{831B68C9-8026-41C7-9C56-BCB7DD0F75A6}.Release|x86.ActiveCfg = Release|Any CPU
		{6C568049-7BAB-4E0C-B729-861ACBD4296E}.Debug|Any CPU.ActiveCfg = Debug|Any CPU
		{6C568049-7BAB-4E0C-B729-861ACBD4296E}.Debug|Any CPU.Build.0 = Debug|Any CPU
		{6C568049-7BAB-4E0C-B729-861ACBD4296E}.Debug|Mixed Platforms.ActiveCfg = Debug|Any CPU
		{6C568049-7BAB-4E0C-B729-861ACBD4296E}.Debug|Mixed Platforms.Build.0 = Debug|Any CPU
		{6C568049-7BAB-4E0C-B729-861ACBD4296E}.Debug|x64.ActiveCfg = Debug|Any CPU
		{6C568049-7BAB-4E0C-B729-861ACBD4296E}.Debug|x86.ActiveCfg = Debug|Any CPU
		{6C568049-7BAB-4E0C-B729-861ACBD4296E}.Release|Any CPU.ActiveCfg = Release|Any CPU
		{6C568049-7BAB-4E0C-B729-861ACBD4296E}.Release|Any CPU.Build.0 = Release|Any CPU
		{6C568049-7BAB-4E0C-B729-861ACBD4296E}.Release|Mixed Platforms.ActiveCfg = Release|Any CPU
		{6C568049-7BAB-4E0C-B729-861ACBD4296E}.Release|Mixed Platforms.Build.0 = Release|Any CPU
		{6C568049-7BAB-4E0C-B729-861ACBD4296E}.Release|x64.ActiveCfg = Release|Any CPU
		{6C568049-7BAB-4E0C-B729-861ACBD4296E}.Release|x86.ActiveCfg = Release|Any CPU
	EndGlobalSection
	GlobalSection(SolutionProperties) = preSolution
		HideSolutionNode = FALSE
	EndGlobalSection
	GlobalSection(NestedProjects) = preSolution
		{A20E35BA-43D6-41D9-97DE-3E69424DBBE7} = {9739BE65-04E8-4E10-BB5B-93A3EC0D3747}
	EndGlobalSection
EndGlobal
